
Microsoft Visual Studio Solution File, Format Version 12.00
# Visual Studio 2013
VisualStudioVersion = 12.0.21005.1
MinimumVisualStudioVersion = 10.0.40219.1
Project("{FAE04EC0-301F-11D3-BF4B-00C04F79EFBC}") = "Karl", "Karl\Karl.csproj", "{77EA0C48-8AD3-43B5-A754-4F684EDEF48B}"
EndProject
Project("{FAE04EC0-301F-11D3-BF4B-00C04F79EFBC}") = "WuschelFangen", "WuschelFangen\WuschelFangen\WuschelFangen.csproj", "{69494C8D-5EEB-4C7B-85BB-42A2FE62312F}"
EndProject
Project("{FAE04EC0-301F-11D3-BF4B-00C04F79EFBC}") = "WuschelFangenContent", "WuschelFangen\WuschelFangenContent\WuschelFangenContent.contentproj", "{614103B0-4130-4357-978A-E42E95CE165E}"
EndProject
Project("{FAE04EC0-301F-11D3-BF4B-00C04F79EFBC}") = "HexTileGame", "HexTileGame\HexTileGame\HexTileGame.csproj", "{41126845-C724-421E-814A-11C5D7AEB13C}"
EndProject
Project("{FAE04EC0-301F-11D3-BF4B-00C04F79EFBC}") = "HexTileGameContent", "HexTileGame\HexTileGameContent\HexTileGameContent.contentproj", "{96C4C19C-CA4C-4611-A983-01334353C1D4}"
EndProject
Project("{FAE04EC0-301F-11D3-BF4B-00C04F79EFBC}") = "EasyStorage [Windows]", "EasyStorage\EasyStorage [Windows].csproj", "{A89EB1D5-B286-48EB-A864-315ABCDAA024}"
EndProject
Project("{FAE04EC0-301F-11D3-BF4B-00C04F79EFBC}") = "QuadtreeDemo", "QuadtreeDemo\QuadtreeDemo\QuadtreeDemo.csproj", "{EA0C4807-657A-4CA5-93A6-17E911E004B3}"
EndProject
Project("{96E2B04D-8817-42C6-938A-82C39BA4D311}") = "QuadtreeDemoContent", "QuadtreeDemo\QuadtreeDemoContent\QuadtreeDemoContent.contentproj", "{515C8EAB-9E3D-4752-BE02-498AA9D7FFA5}"
EndProject
Project("{2150E333-8FDC-42A3-9474-1A3956D46DE8}") = "Solution Items", "Solution Items", "{54E15669-1ECB-4053-9A79-97E35C0066A8}"
	ProjectSection(SolutionItems) = preProject
		Performance1.psess = Performance1.psess
	EndProjectSection
EndProject
Global
	GlobalSection(SolutionConfigurationPlatforms) = preSolution
		Debug|Mixed Platforms = Debug|Mixed Platforms
		Debug|Win32 = Debug|Win32
		Debug|x86 = Debug|x86
		Release|Mixed Platforms = Release|Mixed Platforms
		Release|Win32 = Release|Win32
		Release|x86 = Release|x86
	EndGlobalSection
	GlobalSection(ProjectConfigurationPlatforms) = postSolution
		{77EA0C48-8AD3-43B5-A754-4F684EDEF48B}.Debug|Mixed Platforms.ActiveCfg = Debug|x86
		{77EA0C48-8AD3-43B5-A754-4F684EDEF48B}.Debug|Mixed Platforms.Build.0 = Debug|x86
		{77EA0C48-8AD3-43B5-A754-4F684EDEF48B}.Debug|Win32.ActiveCfg = Debug|x86
		{77EA0C48-8AD3-43B5-A754-4F684EDEF48B}.Debug|Win32.Build.0 = Debug|x86
		{77EA0C48-8AD3-43B5-A754-4F684EDEF48B}.Debug|x86.ActiveCfg = Debug|x86
		{77EA0C48-8AD3-43B5-A754-4F684EDEF48B}.Debug|x86.Build.0 = Debug|x86
		{77EA0C48-8AD3-43B5-A754-4F684EDEF48B}.Release|Mixed Platforms.ActiveCfg = Release|x86
		{77EA0C48-8AD3-43B5-A754-4F684EDEF48B}.Release|Mixed Platforms.Build.0 = Release|x86
		{77EA0C48-8AD3-43B5-A754-4F684EDEF48B}.Release|Win32.ActiveCfg = Release|x86
		{77EA0C48-8AD3-43B5-A754-4F684EDEF48B}.Release|Win32.Build.0 = Release|x86
		{77EA0C48-8AD3-43B5-A754-4F684EDEF48B}.Release|x86.ActiveCfg = Release|x86
		{77EA0C48-8AD3-43B5-A754-4F684EDEF48B}.Release|x86.Build.0 = Release|x86
		{69494C8D-5EEB-4C7B-85BB-42A2FE62312F}.Debug|Mixed Platforms.ActiveCfg = Debug|x86
		{69494C8D-5EEB-4C7B-85BB-42A2FE62312F}.Debug|Mixed Platforms.Build.0 = Debug|x86
		{69494C8D-5EEB-4C7B-85BB-42A2FE62312F}.Debug|Win32.ActiveCfg = Debug|x86
		{69494C8D-5EEB-4C7B-85BB-42A2FE62312F}.Debug|Win32.Build.0 = Debug|x86
		{69494C8D-5EEB-4C7B-85BB-42A2FE62312F}.Debug|x86.ActiveCfg = Debug|x86
		{69494C8D-5EEB-4C7B-85BB-42A2FE62312F}.Debug|x86.Build.0 = Debug|x86
		{69494C8D-5EEB-4C7B-85BB-42A2FE62312F}.Release|Mixed Platforms.ActiveCfg = Release|x86
		{69494C8D-5EEB-4C7B-85BB-42A2FE62312F}.Release|Mixed Platforms.Build.0 = Release|x86
		{69494C8D-5EEB-4C7B-85BB-42A2FE62312F}.Release|Win32.ActiveCfg = Release|x86
		{69494C8D-5EEB-4C7B-85BB-42A2FE62312F}.Release|Win32.Build.0 = Release|x86
		{69494C8D-5EEB-4C7B-85BB-42A2FE62312F}.Release|x86.ActiveCfg = Release|x86
		{69494C8D-5EEB-4C7B-85BB-42A2FE62312F}.Release|x86.Build.0 = Release|x86
		{614103B0-4130-4357-978A-E42E95CE165E}.Debug|Mixed Platforms.ActiveCfg = Debug|x86
		{614103B0-4130-4357-978A-E42E95CE165E}.Debug|Win32.ActiveCfg = Debug|x86
		{614103B0-4130-4357-978A-E42E95CE165E}.Debug|x86.ActiveCfg = Debug|x86
		{614103B0-4130-4357-978A-E42E95CE165E}.Release|Mixed Platforms.ActiveCfg = Release|x86
		{614103B0-4130-4357-978A-E42E95CE165E}.Release|Win32.ActiveCfg = Release|x86
		{614103B0-4130-4357-978A-E42E95CE165E}.Release|x86.ActiveCfg = Release|x86
		{41126845-C724-421E-814A-11C5D7AEB13C}.Debug|Mixed Platforms.ActiveCfg = Debug|x86
		{41126845-C724-421E-814A-11C5D7AEB13C}.Debug|Mixed Platforms.Build.0 = Debug|x86
		{41126845-C724-421E-814A-11C5D7AEB13C}.Debug|Win32.ActiveCfg = Debug|x86
		{41126845-C724-421E-814A-11C5D7AEB13C}.Debug|Win32.Build.0 = Debug|x86
		{41126845-C724-421E-814A-11C5D7AEB13C}.Debug|x86.ActiveCfg = Debug|x86
		{41126845-C724-421E-814A-11C5D7AEB13C}.Debug|x86.Build.0 = Debug|x86
		{41126845-C724-421E-814A-11C5D7AEB13C}.Release|Mixed Platforms.ActiveCfg = Release|x86
		{41126845-C724-421E-814A-11C5D7AEB13C}.Release|Mixed Platforms.Build.0 = Release|x86
		{41126845-C724-421E-814A-11C5D7AEB13C}.Release|Win32.ActiveCfg = Release|x86
		{41126845-C724-421E-814A-11C5D7AEB13C}.Release|Win32.Build.0 = Release|x86
		{41126845-C724-421E-814A-11C5D7AEB13C}.Release|x86.ActiveCfg = Release|x86
		{41126845-C724-421E-814A-11C5D7AEB13C}.Release|x86.Build.0 = Release|x86
		{96C4C19C-CA4C-4611-A983-01334353C1D4}.Debug|Mixed Platforms.ActiveCfg = Debug|x86
		{96C4C19C-CA4C-4611-A983-01334353C1D4}.Debug|Win32.ActiveCfg = Debug|x86
		{96C4C19C-CA4C-4611-A983-01334353C1D4}.Debug|x86.ActiveCfg = Debug|x86
		{96C4C19C-CA4C-4611-A983-01334353C1D4}.Release|Mixed Platforms.ActiveCfg = Release|x86
		{96C4C19C-CA4C-4611-A983-01334353C1D4}.Release|Win32.ActiveCfg = Release|x86
		{96C4C19C-CA4C-4611-A983-01334353C1D4}.Release|x86.ActiveCfg = Release|x86
		{A89EB1D5-B286-48EB-A864-315ABCDAA024}.Debug|Mixed Platforms.ActiveCfg = Debug|x86
		{A89EB1D5-B286-48EB-A864-315ABCDAA024}.Debug|Mixed Platforms.Build.0 = Debug|x86
		{A89EB1D5-B286-48EB-A864-315ABCDAA024}.Debug|Win32.ActiveCfg = Debug|x86
		{A89EB1D5-B286-48EB-A864-315ABCDAA024}.Debug|Win32.Build.0 = Debug|x86
		{A89EB1D5-B286-48EB-A864-315ABCDAA024}.Debug|x86.ActiveCfg = Debug|x86
		{A89EB1D5-B286-48EB-A864-315ABCDAA024}.Debug|x86.Build.0 = Debug|x86
		{A89EB1D5-B286-48EB-A864-315ABCDAA024}.Release|Mixed Platforms.ActiveCfg = Release|x86
		{A89EB1D5-B286-48EB-A864-315ABCDAA024}.Release|Mixed Platforms.Build.0 = Release|x86
		{A89EB1D5-B286-48EB-A864-315ABCDAA024}.Release|Win32.ActiveCfg = Release|x86
		{A89EB1D5-B286-48EB-A864-315ABCDAA024}.Release|Win32.Build.0 = Release|x86
		{A89EB1D5-B286-48EB-A864-315ABCDAA024}.Release|x86.ActiveCfg = Release|x86
		{A89EB1D5-B286-48EB-A864-315ABCDAA024}.Release|x86.Build.0 = Release|x86
		{EA0C4807-657A-4CA5-93A6-17E911E004B3}.Debug|Mixed Platforms.ActiveCfg = Debug|x86
		{EA0C4807-657A-4CA5-93A6-17E911E004B3}.Debug|Mixed Platforms.Build.0 = Debug|x86
		{EA0C4807-657A-4CA5-93A6-17E911E004B3}.Debug|Win32.ActiveCfg = Debug|x86
		{EA0C4807-657A-4CA5-93A6-17E911E004B3}.Debug|Win32.Build.0 = Debug|x86
		{EA0C4807-657A-4CA5-93A6-17E911E004B3}.Debug|x86.ActiveCfg = Debug|x86
		{EA0C4807-657A-4CA5-93A6-17E911E004B3}.Debug|x86.Build.0 = Debug|x86
		{EA0C4807-657A-4CA5-93A6-17E911E004B3}.Release|Mixed Platforms.ActiveCfg = Release|x86
		{EA0C4807-657A-4CA5-93A6-17E911E004B3}.Release|Mixed Platforms.Build.0 = Release|x86
		{EA0C4807-657A-4CA5-93A6-17E911E004B3}.Release|Win32.ActiveCfg = Release|x86
		{EA0C4807-657A-4CA5-93A6-17E911E004B3}.Release|Win32.Build.0 = Release|x86
		{EA0C4807-657A-4CA5-93A6-17E911E004B3}.Release|x86.ActiveCfg = Release|x86
		{EA0C4807-657A-4CA5-93A6-17E911E004B3}.Release|x86.Build.0 = Release|x86
		{515C8EAB-9E3D-4752-BE02-498AA9D7FFA5}.Debug|Mixed Platforms.ActiveCfg = Debug|x86
		{515C8EAB-9E3D-4752-BE02-498AA9D7FFA5}.Debug|Win32.ActiveCfg = Debug|x86
		{515C8EAB-9E3D-4752-BE02-498AA9D7FFA5}.Debug|x86.ActiveCfg = Debug|x86
		{515C8EAB-9E3D-4752-BE02-498AA9D7FFA5}.Release|Mixed Platforms.ActiveCfg = Release|x86
		{515C8EAB-9E3D-4752-BE02-498AA9D7FFA5}.Release|Win32.ActiveCfg = Release|x86
		{515C8EAB-9E3D-4752-BE02-498AA9D7FFA5}.Release|x86.ActiveCfg = Release|x86
	EndGlobalSection
	GlobalSection(SolutionProperties) = preSolution
		HideSolutionNode = FALSE
	EndGlobalSection
	GlobalSection(Performance) = preSolution
		HasPerformanceSessions = true
	EndGlobalSection
EndGlobal
